
Microsoft Visual Studio Solution File, Format Version 12.00
# Visual Studio Version 17
VisualStudioVersion = 17.4.33213.308
MinimumVisualStudioVersion = 10.0.40219.1
Project("{9A19103F-16F7-4668-BE54-9A1E7A4F7556}") = "Server", "Server\Server.csproj", "{D5D2DCEB-F911-4828-95CD-774393046AD7}"
EndProject
Project("{9A19103F-16F7-4668-BE54-9A1E7A4F7556}") = "WebClient", "WebClient\WebClient.csproj", "{E6F79C9C-DAE3-46FD-A6E1-646A851E514A}"
EndProject
Project("{9A19103F-16F7-4668-BE54-9A1E7A4F7556}") = "Shared", "Shared\Shared.csproj", "{A4E872DF-FE0A-4F03-BCF4-C520038CEDC8}"
EndProject
Project("{9A19103F-16F7-4668-BE54-9A1E7A4F7556}") = "WinFormsClient", "WinFormsClient\WinFormsClient.csproj", "{74CB23FE-EDCD-4C26-A570-FEBDC95C0898}"
EndProject
Project("{00D1A9C2-B5F0-4AF3-8072-F6C62B433612}") = "Database", "Database\Database.sqlproj", "{35E99C59-A4BF-4DAF-9E41-458BB7EC0DD2}"
EndProject
Global
	GlobalSection(SolutionConfigurationPlatforms) = preSolution
		Debug|Any CPU = Debug|Any CPU
		Release|Any CPU = Release|Any CPU
	EndGlobalSection
	GlobalSection(ProjectConfigurationPlatforms) = postSolution
		{D5D2DCEB-F911-4828-95CD-774393046AD7}.Debug|Any CPU.ActiveCfg = Debug|Any CPU
		{D5D2DCEB-F911-4828-95CD-774393046AD7}.Debug|Any CPU.Build.0 = Debug|Any CPU
		{D5D2DCEB-F911-4828-95CD-774393046AD7}.Release|Any CPU.ActiveCfg = Release|Any CPU
		{D5D2DCEB-F911-4828-95CD-774393046AD7}.Release|Any CPU.Build.0 = Release|Any CPU
		{E6F79C9C-DAE3-46FD-A6E1-646A851E514A}.Debug|Any CPU.ActiveCfg = Debug|Any CPU
		{E6F79C9C-DAE3-46FD-A6E1-646A851E514A}.Debug|Any CPU.Build.0 = Debug|Any CPU
		{E6F79C9C-DAE3-46FD-A6E1-646A851E514A}.Release|Any CPU.ActiveCfg = Release|Any CPU
		{E6F79C9C-DAE3-46FD-A6E1-646A851E514A}.Release|Any CPU.Build.0 = Release|Any CPU
		{A4E872DF-FE0A-4F03-BCF4-C520038CEDC8}.Debug|Any CPU.ActiveCfg = Debug|Any CPU
		{A4E872DF-FE0A-4F03-BCF4-C520038CEDC8}.Debug|Any CPU.Build.0 = Debug|Any CPU
		{A4E872DF-FE0A-4F03-BCF4-C520038CEDC8}.Release|Any CPU.ActiveCfg = Release|Any CPU
		{A4E872DF-FE0A-4F03-BCF4-C520038CEDC8}.Release|Any CPU.Build.0 = Release|Any CPU
		{74CB23FE-EDCD-4C26-A570-FEBDC95C0898}.Debug|Any CPU.ActiveCfg = Debug|Any CPU
		{74CB23FE-EDCD-4C26-A570-FEBDC95C0898}.Debug|Any CPU.Build.0 = Debug|Any CPU
		{74CB23FE-EDCD-4C26-A570-FEBDC95C0898}.Release|Any CPU.ActiveCfg = Release|Any CPU
		{74CB23FE-EDCD-4C26-A570-FEBDC95C0898}.Release|Any CPU.Build.0 = Release|Any CPU
		{35E99C59-A4BF-4DAF-9E41-458BB7EC0DD2}.Debug|Any CPU.ActiveCfg = Debug|Any CPU
		{35E99C59-A4BF-4DAF-9E41-458BB7EC0DD2}.Debug|Any CPU.Build.0 = Debug|Any CPU
		{35E99C59-A4BF-4DAF-9E41-458BB7EC0DD2}.Debug|Any CPU.Deploy.0 = Debug|Any CPU
		{35E99C59-A4BF-4DAF-9E41-458BB7EC0DD2}.Release|Any CPU.ActiveCfg = Release|Any CPU
		{35E99C59-A4BF-4DAF-9E41-458BB7EC0DD2}.Release|Any CPU.Build.0 = Release|Any CPU
		{35E99C59-A4BF-4DAF-9E41-458BB7EC0DD2}.Release|Any CPU.Deploy.0 = Release|Any CPU
	EndGlobalSection
	GlobalSection(SolutionProperties) = preSolution
		HideSolutionNode = FALSE
	EndGlobalSection
	GlobalSection(ExtensibilityGlobals) = postSolution
		SolutionGuid = {0F5FF716-2613-4EF8-B2ED-1C460FF2C141}
	EndGlobalSection
EndGlobal
